
Microsoft Visual Studio Solution File, Format Version 12.00
# Visual Studio 15
VisualStudioVersion = 15.0.27130.2010
MinimumVisualStudioVersion = 10.0.40219.1
Project("{FAE04EC0-301F-11D3-BF4B-00C04F79EFBC}") = "StuInfoMaSys", "StuInfoMaSys\StuInfoMaSys.csproj", "{3C16597C-A5E1-41A8-B489-E20CA34C217D}"
EndProject
Project("{FAE04EC0-301F-11D3-BF4B-00C04F79EFBC}") = "BLL", "NBLL\BLL.csproj", "{ABAD92D4-6BB7-4E1E-8ECB-3D4024B6BD05}"
EndProject
Project("{FAE04EC0-301F-11D3-BF4B-00C04F79EFBC}") = "DAL", "NDAL\DAL.csproj", "{19510B67-2118-4895-9AE7-8545B041801A}"
EndProject
Project("{FAE04EC0-301F-11D3-BF4B-00C04F79EFBC}") = "Model", "aModel\Model.csproj", "{C17F0A72-9362-46C5-AF60-B7006492568B}"
EndProject
Global
	GlobalSection(SolutionConfigurationPlatforms) = preSolution
		Debug|Any CPU = Debug|Any CPU
		Release|Any CPU = Release|Any CPU
	EndGlobalSection
	GlobalSection(ProjectConfigurationPlatforms) = postSolution
		{3C16597C-A5E1-41A8-B489-E20CA34C217D}.Debug|Any CPU.ActiveCfg = Debug|Any CPU
		{3C16597C-A5E1-41A8-B489-E20CA34C217D}.Debug|Any CPU.Build.0 = Debug|Any CPU
		{3C16597C-A5E1-41A8-B489-E20CA34C217D}.Release|Any CPU.ActiveCfg = Release|Any CPU
		{3C16597C-A5E1-41A8-B489-E20CA34C217D}.Release|Any CPU.Build.0 = Release|Any CPU
		{ABAD92D4-6BB7-4E1E-8ECB-3D4024B6BD05}.Debug|Any CPU.ActiveCfg = Debug|Any CPU
		{ABAD92D4-6BB7-4E1E-8ECB-3D4024B6BD05}.Debug|Any CPU.Build.0 = Debug|Any CPU
		{ABAD92D4-6BB7-4E1E-8ECB-3D4024B6BD05}.Release|Any CPU.ActiveCfg = Release|Any CPU
		{ABAD92D4-6BB7-4E1E-8ECB-3D4024B6BD05}.Release|Any CPU.Build.0 = Release|Any CPU
		{19510B67-2118-4895-9AE7-8545B041801A}.Debug|Any CPU.ActiveCfg = Debug|Any CPU
		{19510B67-2118-4895-9AE7-8545B041801A}.Debug|Any CPU.Build.0 = Debug|Any CPU
		{19510B67-2118-4895-9AE7-8545B041801A}.Release|Any CPU.ActiveCfg = Release|Any CPU
		{19510B67-2118-4895-9AE7-8545B041801A}.Release|Any CPU.Build.0 = Release|Any CPU
		{C17F0A72-9362-46C5-AF60-B7006492568B}.Debug|Any CPU.ActiveCfg = Debug|Any CPU
		{C17F0A72-9362-46C5-AF60-B7006492568B}.Debug|Any CPU.Build.0 = Debug|Any CPU
		{C17F0A72-9362-46C5-AF60-B7006492568B}.Release|Any CPU.ActiveCfg = Release|Any CPU
		{C17F0A72-9362-46C5-AF60-B7006492568B}.Release|Any CPU.Build.0 = Release|Any CPU
	EndGlobalSection
	GlobalSection(SolutionProperties) = preSolution
		HideSolutionNode = FALSE
	EndGlobalSection
	GlobalSection(ExtensibilityGlobals) = postSolution
		SolutionGuid = {7698B21A-5F13-4148-83CB-813A8AE89D8A}
	EndGlobalSection
EndGlobal
